
Microsoft Visual Studio Solution File, Format Version 12.00
Project("{FAE04EC0-301F-11D3-BF4B-00C04F79EFBC}") = "Project.HttpServer", "Project.HttpServer\Project.HttpServer.csproj", "{5CBA480D-06D1-4FA0-BAE0-180AB18A0D51}"
	ProjectSection(ProjectDependencies) = postProject
		{686B767C-5265-4519-A6DA-9914EC67810C} = {686B767C-5265-4519-A6DA-9914EC67810C}
		{C2D896DB-D5C4-42D7-8C3C-B15A1D21BFB0} = {C2D896DB-D5C4-42D7-8C3C-B15A1D21BFB0}
		{11E95D2C-182B-436F-9A03-B46A7E4A043A} = {11E95D2C-182B-436F-9A03-B46A7E4A043A}
		{1B319E4F-161D-486F-8D77-F71D2556DDE5} = {1B319E4F-161D-486F-8D77-F71D2556DDE5}
		{0C66B78E-9FDB-4253-A8E9-77299AC76E3A} = {0C66B78E-9FDB-4253-A8E9-77299AC76E3A}
		{6CB7A9CA-3FF7-4499-AAFC-C2CB9E6FE92C} = {6CB7A9CA-3FF7-4499-AAFC-C2CB9E6FE92C}
		{D2E6565D-1EB1-4A48-9773-523C4F996F00} = {D2E6565D-1EB1-4A48-9773-523C4F996F00}
		{50196EFD-1DA1-4690-B828-1D9CA55B4EAC} = {50196EFD-1DA1-4690-B828-1D9CA55B4EAC}
	EndProjectSection
EndProject
Project("{FAE04EC0-301F-11D3-BF4B-00C04F79EFBC}") = "Project.Core", "Project.Core\Project.Core.csproj", "{43916330-FD86-48BC-A701-755597EF9BCE}"
EndProject
Project("{FAE04EC0-301F-11D3-BF4B-00C04F79EFBC}") = "Database.Context", "Database\Database.Context\Database.Context.csproj", "{4DA5AB96-60E4-422C-93E9-4FDEC8449010}"
EndProject
Project("{2150E333-8FDC-42A3-9474-1A3956D46DE8}") = "Database", "Database", "{2CE57952-349B-4AB5-9877-7E86DF07E92A}"
EndProject
Project("{FAE04EC0-301F-11D3-BF4B-00C04F79EFBC}") = "Database.Models", "Database\Database.Models\Database.Models.csproj", "{EEEDE254-3531-49EA-ABE8-FE1A685C84BB}"
EndProject
Project("{FAE04EC0-301F-11D3-BF4B-00C04F79EFBC}") = "Database.Repositories", "Database\Database.Repositories\Database.Repositories.csproj", "{713AFD27-2C01-456E-AA25-7825EE89020D}"
EndProject
Project("{2150E333-8FDC-42A3-9474-1A3956D46DE8}") = "Services", "Services", "{495D0C86-24CB-484E-92EF-8B75B94CC7C0}"
	ProjectSection(SolutionItems) = preProject
		Services\Project.Service.HierarchyAlgoService\Program.cs = Services\Project.Service.HierarchyAlgoService\Program.cs
		Services\Project.Service.HierarchyAlgoService\obj\project.assets.json = Services\Project.Service.HierarchyAlgoService\obj\project.assets.json
		Services\Project.Service.HierarchyAlgoService\obj\rider.project.restore.info = Services\Project.Service.HierarchyAlgoService\obj\rider.project.restore.info
		Services\Project.Service.HierarchyAlgoService\obj\project.nuget.cache = Services\Project.Service.HierarchyAlgoService\obj\project.nuget.cache
		Services\Project.Service.HierarchyAlgoService\obj\project.packagespec.json = Services\Project.Service.HierarchyAlgoService\obj\project.packagespec.json
		Services\Project.Service.HierarchyAlgoService\obj\Debug\net9.0\.NETCoreApp,Version = Services\Project.Service.HierarchyAlgoService\obj\Debug\net9.0\.NETCoreApp,Version
	EndProjectSection
EndProject
Project("{FAE04EC0-301F-11D3-BF4B-00C04F79EFBC}") = "Project.Services.EmployeeService", "Services\Project.Services.EmployeeService\Project.Services.EmployeeService.csproj", "{D2E6565D-1EB1-4A48-9773-523C4F996F00}"
EndProject
Project("{2150E333-8FDC-42A3-9474-1A3956D46DE8}") = "Dto", "Dto", "{F0CC0A30-9568-4E5B-ABF2-37899E8C99DA}"
EndProject
Project("{FAE04EC0-301F-11D3-BF4B-00C04F79EFBC}") = "Project.Dto.Http", "Dto\Project.Dto.Http\Project.Dto.Http.csproj", "{27683585-0434-45DF-88A1-B2AF06BEBEF0}"
EndProject
Project("{FAE04EC0-301F-11D3-BF4B-00C04F79EFBC}") = "Project.Dto.Http.Converters", "Dto\Project.Dto.Http.Converters\Project.Dto.Http.Converters.csproj", "{82403847-9A71-4BC1-A8C1-E1B0A72B9801}"
EndProject
Project("{FAE04EC0-301F-11D3-BF4B-00C04F79EFBC}") = "Project.Services.CompanyService", "Services\Project.Services.CompanyService\Project.Services.CompanyService.csproj", "{686B767C-5265-4519-A6DA-9914EC67810C}"
EndProject
Project("{2150E333-8FDC-42A3-9474-1A3956D46DE8}") = "Tests", "Tests", "{52E92E1E-33D2-4F12-B8A2-1CE5E569D0D3}"
EndProject
Project("{FAE04EC0-301F-11D3-BF4B-00C04F79EFBC}") = "Project.Service.Tests", "Tests\Project.Service.Tests\Project.Service.Tests.csproj", "{91529BD8-18E6-48FB-BBAC-793334355C01}"
EndProject
Project("{FAE04EC0-301F-11D3-BF4B-00C04F79EFBC}") = "Project.Services.EducationService", "Services\Project.Services.EducationService\Project.Services.EducationService.csproj", "{50196EFD-1DA1-4690-B828-1D9CA55B4EAC}"
EndProject
Project("{FAE04EC0-301F-11D3-BF4B-00C04F79EFBC}") = "Project.Services.PostService", "Services\Project.Services.PostService\Project.Services.PostService.csproj", "{11E95D2C-182B-436F-9A03-B46A7E4A043A}"
EndProject
Project("{FAE04EC0-301F-11D3-BF4B-00C04F79EFBC}") = "Project.Services.PositionService", "Services\Project.Services.PositionService\Project.Services.PositionService.csproj", "{0C66B78E-9FDB-4253-A8E9-77299AC76E3A}"
EndProject
Project("{FAE04EC0-301F-11D3-BF4B-00C04F79EFBC}") = "Project.Services.ScoreService", "Services\Project.Services.ScoreService\Project.Services.ScoreService.csproj", "{C2D896DB-D5C4-42D7-8C3C-B15A1D21BFB0}"
EndProject
Project("{FAE04EC0-301F-11D3-BF4B-00C04F79EFBC}") = "Project.Services.PostHistoryService", "Services\Project.Services.PostHistoryService\Project.Services.PostHistoryService.csproj", "{1B319E4F-161D-486F-8D77-F71D2556DDE5}"
EndProject
Project("{FAE04EC0-301F-11D3-BF4B-00C04F79EFBC}") = "Project.Services.PositionHistoryService", "Services\Project.Services.PositionHistoryService\Project.Services.PositionHistoryService.csproj", "{6CB7A9CA-3FF7-4499-AAFC-C2CB9E6FE92C}"
EndProject
Project("{FAE04EC0-301F-11D3-BF4B-00C04F79EFBC}") = "Project.Repository.Tests", "Tests\Project.Repository.Tests\Project.Repository.Tests.csproj", "{3971F637-EB50-4170-A65E-4B2081267F99}"
EndProject
Project("{FAE04EC0-301F-11D3-BF4B-00C04F79EFBC}") = "Project.Service.AuthorizationService", "Services\Project.Service.AuthorizationService\Project.Service.AuthorizationService.csproj", "{401699F5-96A3-4365-90E7-E76BD105E31C}"
EndProject
Project("{FAE04EC0-301F-11D3-BF4B-00C04F79EFBC}") = "Project.Integration.Tests", "Tests\Project.Integration.Tests\Project.Integration.Tests.csproj", "{B9169F1B-C6EE-45B8-BF99-9A5AAECD7182}"
EndProject
Project("{FAE04EC0-301F-11D3-BF4B-00C04F79EFBC}") = "Project.E2E.Tests", "Tests\Project.E2E.Tests\Project.E2E.Tests.csproj", "{E003D1B4-51F9-4E4A-9B69-CC4CEC5453A7}"
EndProject
Project("{FAE04EC0-301F-11D3-BF4B-00C04F79EFBC}") = "Project.Controller.Tests", "Tests\Project.Controller.Tests\Project.Controller.Tests.csproj", "{426344D2-3B97-414F-BD1E-0C8754089B0C}"
EndProject
Global
	GlobalSection(SolutionConfigurationPlatforms) = preSolution
		Debug|Any CPU = Debug|Any CPU
		Debug|x64 = Debug|x64
		Debug|x86 = Debug|x86
		Release|Any CPU = Release|Any CPU
		Release|x64 = Release|x64
		Release|x86 = Release|x86
	EndGlobalSection
	GlobalSection(ProjectConfigurationPlatforms) = postSolution
		{5CBA480D-06D1-4FA0-BAE0-180AB18A0D51}.Debug|Any CPU.ActiveCfg = Debug|Any CPU
		{5CBA480D-06D1-4FA0-BAE0-180AB18A0D51}.Debug|Any CPU.Build.0 = Debug|Any CPU
		{5CBA480D-06D1-4FA0-BAE0-180AB18A0D51}.Debug|x64.ActiveCfg = Debug|Any CPU
		{5CBA480D-06D1-4FA0-BAE0-180AB18A0D51}.Debug|x64.Build.0 = Debug|Any CPU
		{5CBA480D-06D1-4FA0-BAE0-180AB18A0D51}.Debug|x86.ActiveCfg = Debug|Any CPU
		{5CBA480D-06D1-4FA0-BAE0-180AB18A0D51}.Debug|x86.Build.0 = Debug|Any CPU
		{5CBA480D-06D1-4FA0-BAE0-180AB18A0D51}.Release|Any CPU.ActiveCfg = Release|Any CPU
		{5CBA480D-06D1-4FA0-BAE0-180AB18A0D51}.Release|Any CPU.Build.0 = Release|Any CPU
		{5CBA480D-06D1-4FA0-BAE0-180AB18A0D51}.Release|x64.ActiveCfg = Release|Any CPU
		{5CBA480D-06D1-4FA0-BAE0-180AB18A0D51}.Release|x64.Build.0 = Release|Any CPU
		{5CBA480D-06D1-4FA0-BAE0-180AB18A0D51}.Release|x86.ActiveCfg = Release|Any CPU
		{5CBA480D-06D1-4FA0-BAE0-180AB18A0D51}.Release|x86.Build.0 = Release|Any CPU
		{43916330-FD86-48BC-A701-755597EF9BCE}.Debug|Any CPU.ActiveCfg = Debug|Any CPU
		{43916330-FD86-48BC-A701-755597EF9BCE}.Debug|Any CPU.Build.0 = Debug|Any CPU
		{43916330-FD86-48BC-A701-755597EF9BCE}.Debug|x64.ActiveCfg = Debug|Any CPU
		{43916330-FD86-48BC-A701-755597EF9BCE}.Debug|x64.Build.0 = Debug|Any CPU
		{43916330-FD86-48BC-A701-755597EF9BCE}.Debug|x86.ActiveCfg = Debug|Any CPU
		{43916330-FD86-48BC-A701-755597EF9BCE}.Debug|x86.Build.0 = Debug|Any CPU
		{43916330-FD86-48BC-A701-755597EF9BCE}.Release|Any CPU.ActiveCfg = Release|Any CPU
		{43916330-FD86-48BC-A701-755597EF9BCE}.Release|Any CPU.Build.0 = Release|Any CPU
		{43916330-FD86-48BC-A701-755597EF9BCE}.Release|x64.ActiveCfg = Release|Any CPU
		{43916330-FD86-48BC-A701-755597EF9BCE}.Release|x64.Build.0 = Release|Any CPU
		{43916330-FD86-48BC-A701-755597EF9BCE}.Release|x86.ActiveCfg = Release|Any CPU
		{43916330-FD86-48BC-A701-755597EF9BCE}.Release|x86.Build.0 = Release|Any CPU
		{4DA5AB96-60E4-422C-93E9-4FDEC8449010}.Debug|Any CPU.ActiveCfg = Debug|Any CPU
		{4DA5AB96-60E4-422C-93E9-4FDEC8449010}.Debug|Any CPU.Build.0 = Debug|Any CPU
		{4DA5AB96-60E4-422C-93E9-4FDEC8449010}.Debug|x64.ActiveCfg = Debug|Any CPU
		{4DA5AB96-60E4-422C-93E9-4FDEC8449010}.Debug|x64.Build.0 = Debug|Any CPU
		{4DA5AB96-60E4-422C-93E9-4FDEC8449010}.Debug|x86.ActiveCfg = Debug|Any CPU
		{4DA5AB96-60E4-422C-93E9-4FDEC8449010}.Debug|x86.Build.0 = Debug|Any CPU
		{4DA5AB96-60E4-422C-93E9-4FDEC8449010}.Release|Any CPU.ActiveCfg = Release|Any CPU
		{4DA5AB96-60E4-422C-93E9-4FDEC8449010}.Release|Any CPU.Build.0 = Release|Any CPU
		{4DA5AB96-60E4-422C-93E9-4FDEC8449010}.Release|x64.ActiveCfg = Release|Any CPU
		{4DA5AB96-60E4-422C-93E9-4FDEC8449010}.Release|x64.Build.0 = Release|Any CPU
		{4DA5AB96-60E4-422C-93E9-4FDEC8449010}.Release|x86.ActiveCfg = Release|Any CPU
		{4DA5AB96-60E4-422C-93E9-4FDEC8449010}.Release|x86.Build.0 = Release|Any CPU
		{EEEDE254-3531-49EA-ABE8-FE1A685C84BB}.Debug|Any CPU.ActiveCfg = Debug|Any CPU
		{EEEDE254-3531-49EA-ABE8-FE1A685C84BB}.Debug|Any CPU.Build.0 = Debug|Any CPU
		{EEEDE254-3531-49EA-ABE8-FE1A685C84BB}.Debug|x64.ActiveCfg = Debug|Any CPU
		{EEEDE254-3531-49EA-ABE8-FE1A685C84BB}.Debug|x64.Build.0 = Debug|Any CPU
		{EEEDE254-3531-49EA-ABE8-FE1A685C84BB}.Debug|x86.ActiveCfg = Debug|Any CPU
		{EEEDE254-3531-49EA-ABE8-FE1A685C84BB}.Debug|x86.Build.0 = Debug|Any CPU
		{EEEDE254-3531-49EA-ABE8-FE1A685C84BB}.Release|Any CPU.ActiveCfg = Release|Any CPU
		{EEEDE254-3531-49EA-ABE8-FE1A685C84BB}.Release|Any CPU.Build.0 = Release|Any CPU
		{EEEDE254-3531-49EA-ABE8-FE1A685C84BB}.Release|x64.ActiveCfg = Release|Any CPU
		{EEEDE254-3531-49EA-ABE8-FE1A685C84BB}.Release|x64.Build.0 = Release|Any CPU
		{EEEDE254-3531-49EA-ABE8-FE1A685C84BB}.Release|x86.ActiveCfg = Release|Any CPU
		{EEEDE254-3531-49EA-ABE8-FE1A685C84BB}.Release|x86.Build.0 = Release|Any CPU
		{713AFD27-2C01-456E-AA25-7825EE89020D}.Debug|Any CPU.ActiveCfg = Debug|Any CPU
		{713AFD27-2C01-456E-AA25-7825EE89020D}.Debug|Any CPU.Build.0 = Debug|Any CPU
		{713AFD27-2C01-456E-AA25-7825EE89020D}.Debug|x64.ActiveCfg = Debug|Any CPU
		{713AFD27-2C01-456E-AA25-7825EE89020D}.Debug|x64.Build.0 = Debug|Any CPU
		{713AFD27-2C01-456E-AA25-7825EE89020D}.Debug|x86.ActiveCfg = Debug|Any CPU
		{713AFD27-2C01-456E-AA25-7825EE89020D}.Debug|x86.Build.0 = Debug|Any CPU
		{713AFD27-2C01-456E-AA25-7825EE89020D}.Release|Any CPU.ActiveCfg = Release|Any CPU
		{713AFD27-2C01-456E-AA25-7825EE89020D}.Release|Any CPU.Build.0 = Release|Any CPU
		{713AFD27-2C01-456E-AA25-7825EE89020D}.Release|x64.ActiveCfg = Release|Any CPU
		{713AFD27-2C01-456E-AA25-7825EE89020D}.Release|x64.Build.0 = Release|Any CPU
		{713AFD27-2C01-456E-AA25-7825EE89020D}.Release|x86.ActiveCfg = Release|Any CPU
		{713AFD27-2C01-456E-AA25-7825EE89020D}.Release|x86.Build.0 = Release|Any CPU
		{D2E6565D-1EB1-4A48-9773-523C4F996F00}.Debug|Any CPU.ActiveCfg = Debug|Any CPU
		{D2E6565D-1EB1-4A48-9773-523C4F996F00}.Debug|Any CPU.Build.0 = Debug|Any CPU
		{D2E6565D-1EB1-4A48-9773-523C4F996F00}.Debug|x64.ActiveCfg = Debug|Any CPU
		{D2E6565D-1EB1-4A48-9773-523C4F996F00}.Debug|x64.Build.0 = Debug|Any CPU
		{D2E6565D-1EB1-4A48-9773-523C4F996F00}.Debug|x86.ActiveCfg = Debug|Any CPU
		{D2E6565D-1EB1-4A48-9773-523C4F996F00}.Debug|x86.Build.0 = Debug|Any CPU
		{D2E6565D-1EB1-4A48-9773-523C4F996F00}.Release|Any CPU.ActiveCfg = Release|Any CPU
		{D2E6565D-1EB1-4A48-9773-523C4F996F00}.Release|Any CPU.Build.0 = Release|Any CPU
		{D2E6565D-1EB1-4A48-9773-523C4F996F00}.Release|x64.ActiveCfg = Release|Any CPU
		{D2E6565D-1EB1-4A48-9773-523C4F996F00}.Release|x64.Build.0 = Release|Any CPU
		{D2E6565D-1EB1-4A48-9773-523C4F996F00}.Release|x86.ActiveCfg = Release|Any CPU
		{D2E6565D-1EB1-4A48-9773-523C4F996F00}.Release|x86.Build.0 = Release|Any CPU
		{27683585-0434-45DF-88A1-B2AF06BEBEF0}.Debug|Any CPU.ActiveCfg = Debug|Any CPU
		{27683585-0434-45DF-88A1-B2AF06BEBEF0}.Debug|Any CPU.Build.0 = Debug|Any CPU
		{27683585-0434-45DF-88A1-B2AF06BEBEF0}.Debug|x64.ActiveCfg = Debug|Any CPU
		{27683585-0434-45DF-88A1-B2AF06BEBEF0}.Debug|x64.Build.0 = Debug|Any CPU
		{27683585-0434-45DF-88A1-B2AF06BEBEF0}.Debug|x86.ActiveCfg = Debug|Any CPU
		{27683585-0434-45DF-88A1-B2AF06BEBEF0}.Debug|x86.Build.0 = Debug|Any CPU
		{27683585-0434-45DF-88A1-B2AF06BEBEF0}.Release|Any CPU.ActiveCfg = Release|Any CPU
		{27683585-0434-45DF-88A1-B2AF06BEBEF0}.Release|Any CPU.Build.0 = Release|Any CPU
		{27683585-0434-45DF-88A1-B2AF06BEBEF0}.Release|x64.ActiveCfg = Release|Any CPU
		{27683585-0434-45DF-88A1-B2AF06BEBEF0}.Release|x64.Build.0 = Release|Any CPU
		{27683585-0434-45DF-88A1-B2AF06BEBEF0}.Release|x86.ActiveCfg = Release|Any CPU
		{27683585-0434-45DF-88A1-B2AF06BEBEF0}.Release|x86.Build.0 = Release|Any CPU
		{82403847-9A71-4BC1-A8C1-E1B0A72B9801}.Debug|Any CPU.ActiveCfg = Debug|Any CPU
		{82403847-9A71-4BC1-A8C1-E1B0A72B9801}.Debug|Any CPU.Build.0 = Debug|Any CPU
		{82403847-9A71-4BC1-A8C1-E1B0A72B9801}.Debug|x64.ActiveCfg = Debug|Any CPU
		{82403847-9A71-4BC1-A8C1-E1B0A72B9801}.Debug|x64.Build.0 = Debug|Any CPU
		{82403847-9A71-4BC1-A8C1-E1B0A72B9801}.Debug|x86.ActiveCfg = Debug|Any CPU
		{82403847-9A71-4BC1-A8C1-E1B0A72B9801}.Debug|x86.Build.0 = Debug|Any CPU
		{82403847-9A71-4BC1-A8C1-E1B0A72B9801}.Release|Any CPU.ActiveCfg = Release|Any CPU
		{82403847-9A71-4BC1-A8C1-E1B0A72B9801}.Release|Any CPU.Build.0 = Release|Any CPU
		{82403847-9A71-4BC1-A8C1-E1B0A72B9801}.Release|x64.ActiveCfg = Release|Any CPU
		{82403847-9A71-4BC1-A8C1-E1B0A72B9801}.Release|x64.Build.0 = Release|Any CPU
		{82403847-9A71-4BC1-A8C1-E1B0A72B9801}.Release|x86.ActiveCfg = Release|Any CPU
		{82403847-9A71-4BC1-A8C1-E1B0A72B9801}.Release|x86.Build.0 = Release|Any CPU
		{686B767C-5265-4519-A6DA-9914EC67810C}.Debug|Any CPU.ActiveCfg = Debug|Any CPU
		{686B767C-5265-4519-A6DA-9914EC67810C}.Debug|Any CPU.Build.0 = Debug|Any CPU
		{686B767C-5265-4519-A6DA-9914EC67810C}.Debug|x64.ActiveCfg = Debug|Any CPU
		{686B767C-5265-4519-A6DA-9914EC67810C}.Debug|x64.Build.0 = Debug|Any CPU
		{686B767C-5265-4519-A6DA-9914EC67810C}.Debug|x86.ActiveCfg = Debug|Any CPU
		{686B767C-5265-4519-A6DA-9914EC67810C}.Debug|x86.Build.0 = Debug|Any CPU
		{686B767C-5265-4519-A6DA-9914EC67810C}.Release|Any CPU.ActiveCfg = Release|Any CPU
		{686B767C-5265-4519-A6DA-9914EC67810C}.Release|Any CPU.Build.0 = Release|Any CPU
		{686B767C-5265-4519-A6DA-9914EC67810C}.Release|x64.ActiveCfg = Release|Any CPU
		{686B767C-5265-4519-A6DA-9914EC67810C}.Release|x64.Build.0 = Release|Any CPU
		{686B767C-5265-4519-A6DA-9914EC67810C}.Release|x86.ActiveCfg = Release|Any CPU
		{686B767C-5265-4519-A6DA-9914EC67810C}.Release|x86.Build.0 = Release|Any CPU
		{91529BD8-18E6-48FB-BBAC-793334355C01}.Debug|Any CPU.ActiveCfg = Debug|Any CPU
		{91529BD8-18E6-48FB-BBAC-793334355C01}.Debug|Any CPU.Build.0 = Debug|Any CPU
		{91529BD8-18E6-48FB-BBAC-793334355C01}.Debug|x64.ActiveCfg = Debug|Any CPU
		{91529BD8-18E6-48FB-BBAC-793334355C01}.Debug|x64.Build.0 = Debug|Any CPU
		{91529BD8-18E6-48FB-BBAC-793334355C01}.Debug|x86.ActiveCfg = Debug|Any CPU
		{91529BD8-18E6-48FB-BBAC-793334355C01}.Debug|x86.Build.0 = Debug|Any CPU
		{91529BD8-18E6-48FB-BBAC-793334355C01}.Release|Any CPU.ActiveCfg = Release|Any CPU
		{91529BD8-18E6-48FB-BBAC-793334355C01}.Release|Any CPU.Build.0 = Release|Any CPU
		{91529BD8-18E6-48FB-BBAC-793334355C01}.Release|x64.ActiveCfg = Release|Any CPU
		{91529BD8-18E6-48FB-BBAC-793334355C01}.Release|x64.Build.0 = Release|Any CPU
		{91529BD8-18E6-48FB-BBAC-793334355C01}.Release|x86.ActiveCfg = Release|Any CPU
		{91529BD8-18E6-48FB-BBAC-793334355C01}.Release|x86.Build.0 = Release|Any CPU
		{50196EFD-1DA1-4690-B828-1D9CA55B4EAC}.Debug|Any CPU.ActiveCfg = Debug|Any CPU
		{50196EFD-1DA1-4690-B828-1D9CA55B4EAC}.Debug|Any CPU.Build.0 = Debug|Any CPU
		{50196EFD-1DA1-4690-B828-1D9CA55B4EAC}.Debug|x64.ActiveCfg = Debug|Any CPU
		{50196EFD-1DA1-4690-B828-1D9CA55B4EAC}.Debug|x64.Build.0 = Debug|Any CPU
		{50196EFD-1DA1-4690-B828-1D9CA55B4EAC}.Debug|x86.ActiveCfg = Debug|Any CPU
		{50196EFD-1DA1-4690-B828-1D9CA55B4EAC}.Debug|x86.Build.0 = Debug|Any CPU
		{50196EFD-1DA1-4690-B828-1D9CA55B4EAC}.Release|Any CPU.ActiveCfg = Release|Any CPU
		{50196EFD-1DA1-4690-B828-1D9CA55B4EAC}.Release|Any CPU.Build.0 = Release|Any CPU
		{50196EFD-1DA1-4690-B828-1D9CA55B4EAC}.Release|x64.ActiveCfg = Release|Any CPU
		{50196EFD-1DA1-4690-B828-1D9CA55B4EAC}.Release|x64.Build.0 = Release|Any CPU
		{50196EFD-1DA1-4690-B828-1D9CA55B4EAC}.Release|x86.ActiveCfg = Release|Any CPU
		{50196EFD-1DA1-4690-B828-1D9CA55B4EAC}.Release|x86.Build.0 = Release|Any CPU
		{11E95D2C-182B-436F-9A03-B46A7E4A043A}.Debug|Any CPU.ActiveCfg = Debug|Any CPU
		{11E95D2C-182B-436F-9A03-B46A7E4A043A}.Debug|Any CPU.Build.0 = Debug|Any CPU
		{11E95D2C-182B-436F-9A03-B46A7E4A043A}.Debug|x64.ActiveCfg = Debug|Any CPU
		{11E95D2C-182B-436F-9A03-B46A7E4A043A}.Debug|x64.Build.0 = Debug|Any CPU
		{11E95D2C-182B-436F-9A03-B46A7E4A043A}.Debug|x86.ActiveCfg = Debug|Any CPU
		{11E95D2C-182B-436F-9A03-B46A7E4A043A}.Debug|x86.Build.0 = Debug|Any CPU
		{11E95D2C-182B-436F-9A03-B46A7E4A043A}.Release|Any CPU.ActiveCfg = Release|Any CPU
		{11E95D2C-182B-436F-9A03-B46A7E4A043A}.Release|Any CPU.Build.0 = Release|Any CPU
		{11E95D2C-182B-436F-9A03-B46A7E4A043A}.Release|x64.ActiveCfg = Release|Any CPU
		{11E95D2C-182B-436F-9A03-B46A7E4A043A}.Release|x64.Build.0 = Release|Any CPU
		{11E95D2C-182B-436F-9A03-B46A7E4A043A}.Release|x86.ActiveCfg = Release|Any CPU
		{11E95D2C-182B-436F-9A03-B46A7E4A043A}.Release|x86.Build.0 = Release|Any CPU
		{0C66B78E-9FDB-4253-A8E9-77299AC76E3A}.Debug|Any CPU.ActiveCfg = Debug|Any CPU
		{0C66B78E-9FDB-4253-A8E9-77299AC76E3A}.Debug|Any CPU.Build.0 = Debug|Any CPU
		{0C66B78E-9FDB-4253-A8E9-77299AC76E3A}.Debug|x64.ActiveCfg = Debug|Any CPU
		{0C66B78E-9FDB-4253-A8E9-77299AC76E3A}.Debug|x64.Build.0 = Debug|Any CPU
		{0C66B78E-9FDB-4253-A8E9-77299AC76E3A}.Debug|x86.ActiveCfg = Debug|Any CPU
		{0C66B78E-9FDB-4253-A8E9-77299AC76E3A}.Debug|x86.Build.0 = Debug|Any CPU
		{0C66B78E-9FDB-4253-A8E9-77299AC76E3A}.Release|Any CPU.ActiveCfg = Release|Any CPU
		{0C66B78E-9FDB-4253-A8E9-77299AC76E3A}.Release|Any CPU.Build.0 = Release|Any CPU
		{0C66B78E-9FDB-4253-A8E9-77299AC76E3A}.Release|x64.ActiveCfg = Release|Any CPU
		{0C66B78E-9FDB-4253-A8E9-77299AC76E3A}.Release|x64.Build.0 = Release|Any CPU
		{0C66B78E-9FDB-4253-A8E9-77299AC76E3A}.Release|x86.ActiveCfg = Release|Any CPU
		{0C66B78E-9FDB-4253-A8E9-77299AC76E3A}.Release|x86.Build.0 = Release|Any CPU
		{C2D896DB-D5C4-42D7-8C3C-B15A1D21BFB0}.Debug|Any CPU.ActiveCfg = Debug|Any CPU
		{C2D896DB-D5C4-42D7-8C3C-B15A1D21BFB0}.Debug|Any CPU.Build.0 = Debug|Any CPU
		{C2D896DB-D5C4-42D7-8C3C-B15A1D21BFB0}.Debug|x64.ActiveCfg = Debug|Any CPU
		{C2D896DB-D5C4-42D7-8C3C-B15A1D21BFB0}.Debug|x64.Build.0 = Debug|Any CPU
		{C2D896DB-D5C4-42D7-8C3C-B15A1D21BFB0}.Debug|x86.ActiveCfg = Debug|Any CPU
		{C2D896DB-D5C4-42D7-8C3C-B15A1D21BFB0}.Debug|x86.Build.0 = Debug|Any CPU
		{C2D896DB-D5C4-42D7-8C3C-B15A1D21BFB0}.Release|Any CPU.ActiveCfg = Release|Any CPU
		{C2D896DB-D5C4-42D7-8C3C-B15A1D21BFB0}.Release|Any CPU.Build.0 = Release|Any CPU
		{C2D896DB-D5C4-42D7-8C3C-B15A1D21BFB0}.Release|x64.ActiveCfg = Release|Any CPU
		{C2D896DB-D5C4-42D7-8C3C-B15A1D21BFB0}.Release|x64.Build.0 = Release|Any CPU
		{C2D896DB-D5C4-42D7-8C3C-B15A1D21BFB0}.Release|x86.ActiveCfg = Release|Any CPU
		{C2D896DB-D5C4-42D7-8C3C-B15A1D21BFB0}.Release|x86.Build.0 = Release|Any CPU
		{1B319E4F-161D-486F-8D77-F71D2556DDE5}.Debug|Any CPU.ActiveCfg = Debug|Any CPU
		{1B319E4F-161D-486F-8D77-F71D2556DDE5}.Debug|Any CPU.Build.0 = Debug|Any CPU
		{1B319E4F-161D-486F-8D77-F71D2556DDE5}.Debug|x64.ActiveCfg = Debug|Any CPU
		{1B319E4F-161D-486F-8D77-F71D2556DDE5}.Debug|x64.Build.0 = Debug|Any CPU
		{1B319E4F-161D-486F-8D77-F71D2556DDE5}.Debug|x86.ActiveCfg = Debug|Any CPU
		{1B319E4F-161D-486F-8D77-F71D2556DDE5}.Debug|x86.Build.0 = Debug|Any CPU
		{1B319E4F-161D-486F-8D77-F71D2556DDE5}.Release|Any CPU.ActiveCfg = Release|Any CPU
		{1B319E4F-161D-486F-8D77-F71D2556DDE5}.Release|Any CPU.Build.0 = Release|Any CPU
		{1B319E4F-161D-486F-8D77-F71D2556DDE5}.Release|x64.ActiveCfg = Release|Any CPU
		{1B319E4F-161D-486F-8D77-F71D2556DDE5}.Release|x64.Build.0 = Release|Any CPU
		{1B319E4F-161D-486F-8D77-F71D2556DDE5}.Release|x86.ActiveCfg = Release|Any CPU
		{1B319E4F-161D-486F-8D77-F71D2556DDE5}.Release|x86.Build.0 = Release|Any CPU
		{6CB7A9CA-3FF7-4499-AAFC-C2CB9E6FE92C}.Debug|Any CPU.ActiveCfg = Debug|Any CPU
		{6CB7A9CA-3FF7-4499-AAFC-C2CB9E6FE92C}.Debug|Any CPU.Build.0 = Debug|Any CPU
		{6CB7A9CA-3FF7-4499-AAFC-C2CB9E6FE92C}.Debug|x64.ActiveCfg = Debug|Any CPU
		{6CB7A9CA-3FF7-4499-AAFC-C2CB9E6FE92C}.Debug|x64.Build.0 = Debug|Any CPU
		{6CB7A9CA-3FF7-4499-AAFC-C2CB9E6FE92C}.Debug|x86.ActiveCfg = Debug|Any CPU
		{6CB7A9CA-3FF7-4499-AAFC-C2CB9E6FE92C}.Debug|x86.Build.0 = Debug|Any CPU
		{6CB7A9CA-3FF7-4499-AAFC-C2CB9E6FE92C}.Release|Any CPU.ActiveCfg = Release|Any CPU
		{6CB7A9CA-3FF7-4499-AAFC-C2CB9E6FE92C}.Release|Any CPU.Build.0 = Release|Any CPU
		{6CB7A9CA-3FF7-4499-AAFC-C2CB9E6FE92C}.Release|x64.ActiveCfg = Release|Any CPU
		{6CB7A9CA-3FF7-4499-AAFC-C2CB9E6FE92C}.Release|x64.Build.0 = Release|Any CPU
		{6CB7A9CA-3FF7-4499-AAFC-C2CB9E6FE92C}.Release|x86.ActiveCfg = Release|Any CPU
		{6CB7A9CA-3FF7-4499-AAFC-C2CB9E6FE92C}.Release|x86.Build.0 = Release|Any CPU
		{3971F637-EB50-4170-A65E-4B2081267F99}.Debug|Any CPU.ActiveCfg = Debug|Any CPU
		{3971F637-EB50-4170-A65E-4B2081267F99}.Debug|Any CPU.Build.0 = Debug|Any CPU
		{3971F637-EB50-4170-A65E-4B2081267F99}.Debug|x64.ActiveCfg = Debug|Any CPU
		{3971F637-EB50-4170-A65E-4B2081267F99}.Debug|x64.Build.0 = Debug|Any CPU
		{3971F637-EB50-4170-A65E-4B2081267F99}.Debug|x86.ActiveCfg = Debug|Any CPU
		{3971F637-EB50-4170-A65E-4B2081267F99}.Debug|x86.Build.0 = Debug|Any CPU
		{3971F637-EB50-4170-A65E-4B2081267F99}.Release|Any CPU.ActiveCfg = Release|Any CPU
		{3971F637-EB50-4170-A65E-4B2081267F99}.Release|Any CPU.Build.0 = Release|Any CPU
		{3971F637-EB50-4170-A65E-4B2081267F99}.Release|x64.ActiveCfg = Release|Any CPU
		{3971F637-EB50-4170-A65E-4B2081267F99}.Release|x64.Build.0 = Release|Any CPU
		{3971F637-EB50-4170-A65E-4B2081267F99}.Release|x86.ActiveCfg = Release|Any CPU
		{3971F637-EB50-4170-A65E-4B2081267F99}.Release|x86.Build.0 = Release|Any CPU
		{401699F5-96A3-4365-90E7-E76BD105E31C}.Debug|Any CPU.ActiveCfg = Debug|Any CPU
		{401699F5-96A3-4365-90E7-E76BD105E31C}.Debug|Any CPU.Build.0 = Debug|Any CPU
		{401699F5-96A3-4365-90E7-E76BD105E31C}.Debug|x64.ActiveCfg = Debug|Any CPU
		{401699F5-96A3-4365-90E7-E76BD105E31C}.Debug|x64.Build.0 = Debug|Any CPU
		{401699F5-96A3-4365-90E7-E76BD105E31C}.Debug|x86.ActiveCfg = Debug|Any CPU
		{401699F5-96A3-4365-90E7-E76BD105E31C}.Debug|x86.Build.0 = Debug|Any CPU
		{401699F5-96A3-4365-90E7-E76BD105E31C}.Release|Any CPU.ActiveCfg = Release|Any CPU
		{401699F5-96A3-4365-90E7-E76BD105E31C}.Release|Any CPU.Build.0 = Release|Any CPU
		{401699F5-96A3-4365-90E7-E76BD105E31C}.Release|x64.ActiveCfg = Release|Any CPU
		{401699F5-96A3-4365-90E7-E76BD105E31C}.Release|x64.Build.0 = Release|Any CPU
		{401699F5-96A3-4365-90E7-E76BD105E31C}.Release|x86.ActiveCfg = Release|Any CPU
		{401699F5-96A3-4365-90E7-E76BD105E31C}.Release|x86.Build.0 = Release|Any CPU
		{B9169F1B-C6EE-45B8-BF99-9A5AAECD7182}.Debug|Any CPU.ActiveCfg = Debug|Any CPU
		{B9169F1B-C6EE-45B8-BF99-9A5AAECD7182}.Debug|Any CPU.Build.0 = Debug|Any CPU
		{B9169F1B-C6EE-45B8-BF99-9A5AAECD7182}.Debug|x64.ActiveCfg = Debug|Any CPU
		{B9169F1B-C6EE-45B8-BF99-9A5AAECD7182}.Debug|x64.Build.0 = Debug|Any CPU
		{B9169F1B-C6EE-45B8-BF99-9A5AAECD7182}.Debug|x86.ActiveCfg = Debug|Any CPU
		{B9169F1B-C6EE-45B8-BF99-9A5AAECD7182}.Debug|x86.Build.0 = Debug|Any CPU
		{B9169F1B-C6EE-45B8-BF99-9A5AAECD7182}.Release|Any CPU.ActiveCfg = Release|Any CPU
		{B9169F1B-C6EE-45B8-BF99-9A5AAECD7182}.Release|Any CPU.Build.0 = Release|Any CPU
		{B9169F1B-C6EE-45B8-BF99-9A5AAECD7182}.Release|x64.ActiveCfg = Release|Any CPU
		{B9169F1B-C6EE-45B8-BF99-9A5AAECD7182}.Release|x64.Build.0 = Release|Any CPU
		{B9169F1B-C6EE-45B8-BF99-9A5AAECD7182}.Release|x86.ActiveCfg = Release|Any CPU
		{B9169F1B-C6EE-45B8-BF99-9A5AAECD7182}.Release|x86.Build.0 = Release|Any CPU
		{E003D1B4-51F9-4E4A-9B69-CC4CEC5453A7}.Debug|Any CPU.ActiveCfg = Debug|Any CPU
		{E003D1B4-51F9-4E4A-9B69-CC4CEC5453A7}.Debug|Any CPU.Build.0 = Debug|Any CPU
		{E003D1B4-51F9-4E4A-9B69-CC4CEC5453A7}.Debug|x64.ActiveCfg = Debug|Any CPU
		{E003D1B4-51F9-4E4A-9B69-CC4CEC5453A7}.Debug|x64.Build.0 = Debug|Any CPU
		{E003D1B4-51F9-4E4A-9B69-CC4CEC5453A7}.Debug|x86.ActiveCfg = Debug|Any CPU
		{E003D1B4-51F9-4E4A-9B69-CC4CEC5453A7}.Debug|x86.Build.0 = Debug|Any CPU
		{E003D1B4-51F9-4E4A-9B69-CC4CEC5453A7}.Release|Any CPU.ActiveCfg = Release|Any CPU
		{E003D1B4-51F9-4E4A-9B69-CC4CEC5453A7}.Release|Any CPU.Build.0 = Release|Any CPU
		{E003D1B4-51F9-4E4A-9B69-CC4CEC5453A7}.Release|x64.ActiveCfg = Release|Any CPU
		{E003D1B4-51F9-4E4A-9B69-CC4CEC5453A7}.Release|x64.Build.0 = Release|Any CPU
		{E003D1B4-51F9-4E4A-9B69-CC4CEC5453A7}.Release|x86.ActiveCfg = Release|Any CPU
		{E003D1B4-51F9-4E4A-9B69-CC4CEC5453A7}.Release|x86.Build.0 = Release|Any CPU
		{426344D2-3B97-414F-BD1E-0C8754089B0C}.Debug|Any CPU.ActiveCfg = Debug|Any CPU
		{426344D2-3B97-414F-BD1E-0C8754089B0C}.Debug|Any CPU.Build.0 = Debug|Any CPU
		{426344D2-3B97-414F-BD1E-0C8754089B0C}.Debug|x64.ActiveCfg = Debug|Any CPU
		{426344D2-3B97-414F-BD1E-0C8754089B0C}.Debug|x64.Build.0 = Debug|Any CPU
		{426344D2-3B97-414F-BD1E-0C8754089B0C}.Debug|x86.ActiveCfg = Debug|Any CPU
		{426344D2-3B97-414F-BD1E-0C8754089B0C}.Debug|x86.Build.0 = Debug|Any CPU
		{426344D2-3B97-414F-BD1E-0C8754089B0C}.Release|Any CPU.ActiveCfg = Release|Any CPU
		{426344D2-3B97-414F-BD1E-0C8754089B0C}.Release|Any CPU.Build.0 = Release|Any CPU
		{426344D2-3B97-414F-BD1E-0C8754089B0C}.Release|x64.ActiveCfg = Release|Any CPU
		{426344D2-3B97-414F-BD1E-0C8754089B0C}.Release|x64.Build.0 = Release|Any CPU
		{426344D2-3B97-414F-BD1E-0C8754089B0C}.Release|x86.ActiveCfg = Release|Any CPU
		{426344D2-3B97-414F-BD1E-0C8754089B0C}.Release|x86.Build.0 = Release|Any CPU
	EndGlobalSection
	GlobalSection(SolutionProperties) = preSolution
		HideSolutionNode = FALSE
	EndGlobalSection
	GlobalSection(NestedProjects) = preSolution
		{4DA5AB96-60E4-422C-93E9-4FDEC8449010} = {2CE57952-349B-4AB5-9877-7E86DF07E92A}
		{EEEDE254-3531-49EA-ABE8-FE1A685C84BB} = {2CE57952-349B-4AB5-9877-7E86DF07E92A}
		{713AFD27-2C01-456E-AA25-7825EE89020D} = {2CE57952-349B-4AB5-9877-7E86DF07E92A}
		{D2E6565D-1EB1-4A48-9773-523C4F996F00} = {495D0C86-24CB-484E-92EF-8B75B94CC7C0}
		{27683585-0434-45DF-88A1-B2AF06BEBEF0} = {F0CC0A30-9568-4E5B-ABF2-37899E8C99DA}
		{82403847-9A71-4BC1-A8C1-E1B0A72B9801} = {F0CC0A30-9568-4E5B-ABF2-37899E8C99DA}
		{686B767C-5265-4519-A6DA-9914EC67810C} = {495D0C86-24CB-484E-92EF-8B75B94CC7C0}
		{91529BD8-18E6-48FB-BBAC-793334355C01} = {52E92E1E-33D2-4F12-B8A2-1CE5E569D0D3}
		{50196EFD-1DA1-4690-B828-1D9CA55B4EAC} = {495D0C86-24CB-484E-92EF-8B75B94CC7C0}
		{11E95D2C-182B-436F-9A03-B46A7E4A043A} = {495D0C86-24CB-484E-92EF-8B75B94CC7C0}
		{0C66B78E-9FDB-4253-A8E9-77299AC76E3A} = {495D0C86-24CB-484E-92EF-8B75B94CC7C0}
		{C2D896DB-D5C4-42D7-8C3C-B15A1D21BFB0} = {495D0C86-24CB-484E-92EF-8B75B94CC7C0}
		{1B319E4F-161D-486F-8D77-F71D2556DDE5} = {495D0C86-24CB-484E-92EF-8B75B94CC7C0}
		{6CB7A9CA-3FF7-4499-AAFC-C2CB9E6FE92C} = {495D0C86-24CB-484E-92EF-8B75B94CC7C0}
		{3971F637-EB50-4170-A65E-4B2081267F99} = {52E92E1E-33D2-4F12-B8A2-1CE5E569D0D3}
		{B9169F1B-C6EE-45B8-BF99-9A5AAECD7182} = {52E92E1E-33D2-4F12-B8A2-1CE5E569D0D3}
	EndGlobalSection
EndGlobal
